// !$*UTF8*$!
{
	archiveVersion = 1;
	classes = {
	};
	objectVersion = 77;
	objects = {

/* Begin PBXBuildFile section */
		1FC36D802FB27841000FC33A /* AppDelegate.swift in Sources */ = {isa = PBXBuildFile; fileRef = 1FC36D7F2FB27841000FC33A /* AppDelegate.swift */; };
		1FC36D842FB27841000FC33A /* Main.html in Resources */ = {isa = PBXBuildFile; fileRef = 1FC36D822FB27841000FC33A /* Main.html */; };
		1FC36D862FB27841000FC33A /* Icon.png in Resources */ = {isa = PBXBuildFile; fileRef = 1FC36D852FB27841000FC33A /* Icon.png */; };
		1FC36D882FB27841000FC33A /* Style.css in Resources */ = {isa = PBXBuildFile; fileRef = 1FC36D872FB27841000FC33A /* Style.css */; };
		1FC36D8A2FB27841000FC33A /* Script.js in Resources */ = {isa = PBXBuildFile; fileRef = 1FC36D892FB27841000FC33A /* Script.js */; };
		1FC36D8C2FB27841000FC33A /* ViewController.swift in Sources */ = {isa = PBXBuildFile; fileRef = 1FC36D8B2FB27841000FC33A /* ViewController.swift */; };
		1FC36D8F2FB27841000FC33A /* Main.storyboard in Resources */ = {isa = PBXBuildFile; fileRef = 1FC36D8D2FB27841000FC33A /* Main.storyboard */; };
		1FC36D912FB27842000FC33A /* Assets.xcassets in Resources */ = {isa = PBXBuildFile; fileRef = 1FC36D902FB27842000FC33A /* Assets.xcassets */; };
		1FC36D982FB27842000FC33A /* Grab OTP Extension.appex in Embed Foundation Extensions */ = {isa = PBXBuildFile; fileRef = 1FC36D972FB27842000FC33A /* Grab OTP Extension.appex */; settings = {ATTRIBUTES = (RemoveHeadersOnCopy, ); }; };
		1FC36D9D2FB27842000FC33A /* SafariWebExtensionHandler.swift in Sources */ = {isa = PBXBuildFile; fileRef = 1FC36D9C2FB27842000FC33A /* SafariWebExtensionHandler.swift */; };
		1FC36DAF2FB27842000FC33A /* popup.js in Resources */ = {isa = PBXBuildFile; fileRef = 1FC36DA92FB27842000FC33A /* popup.js */; };
		1FC36DB02FB27842000FC33A /* background.js in Resources */ = {isa = PBXBuildFile; fileRef = 1FC36DAA2FB27842000FC33A /* background.js */; };
		1FC36DB12FB27842000FC33A /* popup.html in Resources */ = {isa = PBXBuildFile; fileRef = 1FC36DAB2FB27842000FC33A /* popup.html */; };
		1FC36DB22FB27842000FC33A /* icons in Resources */ = {isa = PBXBuildFile; fileRef = 1FC36DAC2FB27842000FC33A /* icons */; };
		1FC36DB32FB27842000FC33A /* manifest.json in Resources */ = {isa = PBXBuildFile; fileRef = 1FC36DAD2FB27842000FC33A /* manifest.json */; };
		1FC36DB42FB27842000FC33A /* otp-bridge.js in Resources */ = {isa = PBXBuildFile; fileRef = 1FC36DAE2FB27842000FC33A /* otp-bridge.js */; };
/* End PBXBuildFile section */

/* Begin PBXContainerItemProxy section */
		1FC36D992FB27842000FC33A /* PBXContainerItemProxy */ = {
			isa = PBXContainerItemProxy;
			containerPortal = 1FC36D742FB27841000FC33A /* Project object */;
			proxyType = 1;
			remoteGlobalIDString = 1FC36D962FB27842000FC33A;
			remoteInfo = "Grab OTP Extension";
		};
/* End PBXContainerItemProxy section */

/* Begin PBXCopyFilesBuildPhase section */
		1FC36DA42FB27842000FC33A /* Embed Foundation Extensions */ = {
			isa = PBXCopyFilesBuildPhase;
			buildActionMask = 2147483647;
			dstPath = "";
			dstSubfolderSpec = 13;
			files = (
				1FC36D982FB27842000FC33A /* Grab OTP Extension.appex in Embed Foundation Extensions */,
			);
			name = "Embed Foundation Extensions";
			runOnlyForDeploymentPostprocessing = 0;
		};
/* End PBXCopyFilesBuildPhase section */

/* Begin PBXFileReference section */
		1FC36D7C2FB27841000FC33A /* Grab OTP.app */ = {isa = PBXFileReference; explicitFileType = wrapper.application; includeInIndex = 0; path = "Grab OTP.app"; sourceTree = BUILT_PRODUCTS_DIR; };
		1FC36D7F2FB27841000FC33A /* AppDelegate.swift */ = {isa = PBXFileReference; lastKnownFileType = sourcecode.swift; path = AppDelegate.swift; sourceTree = "<group>"; };
		1FC36D832FB27841000FC33A /* Base */ = {isa = PBXFileReference; lastKnownFileType = text.html; name = Base; path = Base.lproj/Main.html; sourceTree = "<group>"; };
		1FC36D852FB27841000FC33A /* Icon.png */ = {isa = PBXFileReference; lastKnownFileType = image.png; path = Icon.png; sourceTree = "<group>"; };
		1FC36D872FB27841000FC33A /* Style.css */ = {isa = PBXFileReference; lastKnownFileType = text.css; path = Style.css; sourceTree = "<group>"; };
		1FC36D892FB27841000FC33A /* Script.js */ = {isa = PBXFileReference; lastKnownFileType = sourcecode.javascript; path = Script.js; sourceTree = "<group>"; };
		1FC36D8B2FB27841000FC33A /* ViewController.swift */ = {isa = PBXFileReference; lastKnownFileType = sourcecode.swift; path = ViewController.swift; sourceTree = "<group>"; };
		1FC36D8E2FB27841000FC33A /* Base */ = {isa = PBXFileReference; lastKnownFileType = file.storyboard; name = Base; path = Base.lproj/Main.storyboard; sourceTree = "<group>"; };
		1FC36D902FB27842000FC33A /* Assets.xcassets */ = {isa = PBXFileReference; lastKnownFileType = folder.assetcatalog; path = Assets.xcassets; sourceTree = "<group>"; };
		1FC36D922FB27842000FC33A /* Info.plist */ = {isa = PBXFileReference; lastKnownFileType = text.plist.xml; path = Info.plist; sourceTree = "<group>"; };
		1FC36D972FB27842000FC33A /* Grab OTP Extension.appex */ = {isa = PBXFileReference; explicitFileType = "wrapper.app-extension"; includeInIndex = 0; path = "Grab OTP Extension.appex"; sourceTree = BUILT_PRODUCTS_DIR; };
		1FC36D9C2FB27842000FC33A /* SafariWebExtensionHandler.swift */ = {isa = PBXFileReference; lastKnownFileType = sourcecode.swift; path = SafariWebExtensionHandler.swift; sourceTree = "<group>"; };
		1FC36D9E2FB27842000FC33A /* Info.plist */ = {isa = PBXFileReference; lastKnownFileType = text.plist.xml; path = Info.plist; sourceTree = "<group>"; };
		1FC36DA92FB27842000FC33A /* popup.js */ = {isa = PBXFileReference; lastKnownFileType = sourcecode.javascript; name = popup.js; path = Resources/popup.js; sourceTree = "<group>"; };
		1FC36DAA2FB27842000FC33A /* background.js */ = {isa = PBXFileReference; lastKnownFileType = sourcecode.javascript; name = background.js; path = Resources/background.js; sourceTree = "<group>"; };
		1FC36DAB2FB27842000FC33A /* popup.html */ = {isa = PBXFileReference; lastKnownFileType = text.html; name = popup.html; path = Resources/popup.html; sourceTree = "<group>"; };
		1FC36DAC2FB27842000FC33A /* icons */ = {isa = PBXFileReference; lastKnownFileType = folder; name = icons; path = Resources/icons; sourceTree = "<group>"; };
		1FC36DAD2FB27842000FC33A /* manifest.json */ = {isa = PBXFileReference; lastKnownFileType = text.json; name = manifest.json; path = Resources/manifest.json; sourceTree = "<group>"; };
		1FC36DAE2FB27842000FC33A /* otp-bridge.js */ = {isa = PBXFileReference; lastKnownFileType = sourcecode.javascript; name = "otp-bridge.js"; path = "Resources/otp-bridge.js"; sourceTree = "<group>"; };
/* End PBXFileReference section */

/* Begin PBXFrameworksBuildPhase section */
		1FC36D792FB27841000FC33A /* Frameworks */ = {
			isa = PBXFrameworksBuildPhase;
			buildActionMask = 2147483647;
			files = (
			);
			runOnlyForDeploymentPostprocessing = 0;
		};
		1FC36D942FB27842000FC33A /* Frameworks */ = {
			isa = PBXFrameworksBuildPhase;
			buildActionMask = 2147483647;
			files = (
			);
			runOnlyForDeploymentPostprocessing = 0;
		};
/* End PBXFrameworksBuildPhase section */

/* Begin PBXGroup section */
		1FC36D732FB27841000FC33A = {
			isa = PBXGroup;
			children = (
				1FC36D7E2FB27841000FC33A /* Grab OTP */,
				1FC36D9B2FB27842000FC33A /* Grab OTP Extension */,
				1FC36D7D2FB27841000FC33A /* Products */,
			);
			sourceTree = "<group>";
		};
		1FC36D7D2FB27841000FC33A /* Products */ = {
			isa = PBXGroup;
			children = (
				1FC36D7C2FB27841000FC33A /* Grab OTP.app */,
				1FC36D972FB27842000FC33A /* Grab OTP Extension.appex */,
			);
			name = Products;
			sourceTree = "<group>";
		};
		1FC36D7E2FB27841000FC33A /* Grab OTP */ = {
			isa = PBXGroup;
			children = (
				1FC36D7F2FB27841000FC33A /* AppDelegate.swift */,
				1FC36D8B2FB27841000FC33A /* ViewController.swift */,
				1FC36D8D2FB27841000FC33A /* Main.storyboard */,
				1FC36D902FB27842000FC33A /* Assets.xcassets */,
				1FC36D922FB27842000FC33A /* Info.plist */,
				1FC36D812FB27841000FC33A /* Resources */,
			);
			path = "Grab OTP";
			sourceTree = "<group>";
		};
		1FC36D812FB27841000FC33A /* Resources */ = {
			isa = PBXGroup;
			children = (
				1FC36D822FB27841000FC33A /* Main.html */,
				1FC36D852FB27841000FC33A /* Icon.png */,
				1FC36D872FB27841000FC33A /* Style.css */,
				1FC36D892FB27841000FC33A /* Script.js */,
			);
			path = Resources;
			sourceTree = "<group>";
		};
		1FC36D9B2FB27842000FC33A /* Grab OTP Extension */ = {
			isa = PBXGroup;
			children = (
				1FC36DA82FB27842000FC33A /* Resources */,
				1FC36D9C2FB27842000FC33A /* SafariWebExtensionHandler.swift */,
				1FC36D9E2FB27842000FC33A /* Info.plist */,
			);
			path = "Grab OTP Extension";
			sourceTree = "<group>";
		};
		1FC36DA82FB27842000FC33A /* Resources */ = {
			isa = PBXGroup;
			children = (
				1FC36DA92FB27842000FC33A /* popup.js */,
				1FC36DAA2FB27842000FC33A /* background.js */,
				1FC36DAB2FB27842000FC33A /* popup.html */,
				1FC36DAC2FB27842000FC33A /* icons */,
				1FC36DAD2FB27842000FC33A /* manifest.json */,
				1FC36DAE2FB27842000FC33A /* otp-bridge.js */,
			);
			name = Resources;
			path = "Grab OTP Extension";
			sourceTree = SOURCE_ROOT;
		};
/* End PBXGroup section */

/* Begin PBXNativeTarget section */
		1FC36D7B2FB27841000FC33A /* Grab OTP */ = {
			isa = PBXNativeTarget;
			buildConfigurationList = 1FC36DA52FB27842000FC33A /* Build configuration list for PBXNativeTarget "Grab OTP" */;
			buildPhases = (
				1FC36D782FB27841000FC33A /* Sources */,
				1FC36D792FB27841000FC33A /* Frameworks */,
				1FC36D7A2FB27841000FC33A /* Resources */,
				1FC36DA42FB27842000FC33A /* Embed Foundation Extensions */,
			);
			buildRules = (
			);
			dependencies = (
				1FC36D9A2FB27842000FC33A /* PBXTargetDependency */,
			);
			name = "Grab OTP";
			packageProductDependencies = (
			);
			productName = "Grab OTP";
			productReference = 1FC36D7C2FB27841000FC33A /* Grab OTP.app */;
			productType = "com.apple.product-type.application";
		};
		1FC36D962FB27842000FC33A /* Grab OTP Extension */ = {
			isa = PBXNativeTarget;
			buildConfigurationList = 1FC36DA12FB27842000FC33A /* Build configuration list for PBXNativeTarget "Grab OTP Extension" */;
			buildPhases = (
				1FC36D932FB27842000FC33A /* Sources */,
				1FC36D942FB27842000FC33A /* Frameworks */,
				1FC36D952FB27842000FC33A /* Resources */,
			);
			buildRules = (
			);
			dependencies = (
			);
			name = "Grab OTP Extension";
			packageProductDependencies = (
			);
			productName = "Grab OTP Extension";
			productReference = 1FC36D972FB27842000FC33A /* Grab OTP Extension.appex */;
			productType = "com.apple.product-type.app-extension";
		};
/* End PBXNativeTarget section */

/* Begin PBXProject section */
		1FC36D742FB27841000FC33A /* Project object */ = {
			isa = PBXProject;
			attributes = {
				BuildIndependentTargetsInParallel = 1;
				LastSwiftUpdateCheck = 2630;
				LastUpgradeCheck = 2630;
				TargetAttributes = {
					1FC36D7B2FB27841000FC33A = {
						CreatedOnToolsVersion = 26.3;
					};
					1FC36D962FB27842000FC33A = {
						CreatedOnToolsVersion = 26.3;
					};
				};
			};
			buildConfigurationList = 1FC36D772FB27841000FC33A /* Build configuration list for PBXProject "Grab OTP" */;
			developmentRegion = en;
			hasScannedForEncodings = 0;
			knownRegions = (
				en,
				Base,
			);
			mainGroup = 1FC36D732FB27841000FC33A;
			minimizedProjectReferenceProxies = 1;
			preferredProjectObjectVersion = 77;
			productRefGroup = 1FC36D7D2FB27841000FC33A /* Products */;
			projectDirPath = "";
			projectRoot = "";
			targets = (
				1FC36D7B2FB27841000FC33A /* Grab OTP */,
				1FC36D962FB27842000FC33A /* Grab OTP Extension */,
			);
		};
/* End PBXProject section */

/* Begin PBXResourcesBuildPhase section */
		1FC36D7A2FB27841000FC33A /* Resources */ = {
			isa = PBXResourcesBuildPhase;
			buildActionMask = 2147483647;
			files = (
				1FC36D862FB27841000FC33A /* Icon.png in Resources */,
				1FC36D8F2FB27841000FC33A /* Main.storyboard in Resources */,
				1FC36D8A2FB27841000FC33A /* Script.js in Resources */,
				1FC36D842FB27841000FC33A /* Main.html in Resources */,
				1FC36D912FB27842000FC33A /* Assets.xcassets in Resources */,
				1FC36D882FB27841000FC33A /* Style.css in Resources */,
			);
			runOnlyForDeploymentPostprocessing = 0;
		};
		1FC36D952FB27842000FC33A /* Resources */ = {
			isa = PBXResourcesBuildPhase;
			buildActionMask = 2147483647;
			files = (
				1FC36DB02FB27842000FC33A /* background.js in Resources */,
				1FC36DB42FB27842000FC33A /* otp-bridge.js in Resources */,
				1FC36DB22FB27842000FC33A /* icons in Resources */,
				1FC36DB32FB27842000FC33A /* manifest.json in Resources */,
				1FC36DB12FB27842000FC33A /* popup.html in Resources */,
				1FC36DAF2FB27842000FC33A /* popup.js in Resources */,
			);
			runOnlyForDeploymentPostprocessing = 0;
		};
/* End PBXResourcesBuildPhase section */

/* Begin PBXSourcesBuildPhase section */
		1FC36D782FB27841000FC33A /* Sources */ = {
			isa = PBXSourcesBuildPhase;
			buildActionMask = 2147483647;
			files = (
				1FC36D8C2FB27841000FC33A /* ViewController.swift in Sources */,
				1FC36D802FB27841000FC33A /* AppDelegate.swift in Sources */,
			);
			runOnlyForDeploymentPostprocessing = 0;
		};
		1FC36D932FB27842000FC33A /* Sources */ = {
			isa = PBXSourcesBuildPhase;
			buildActionMask = 2147483647;
			files = (
				1FC36D9D2FB27842000FC33A /* SafariWebExtensionHandler.swift in Sources */,
			);
			runOnlyForDeploymentPostprocessing = 0;
		};
/* End PBXSourcesBuildPhase section */

/* Begin PBXTargetDependency section */
		1FC36D9A2FB27842000FC33A /* PBXTargetDependency */ = {
			isa = PBXTargetDependency;
			target = 1FC36D962FB27842000FC33A /* Grab OTP Extension */;
			targetProxy = 1FC36D992FB27842000FC33A /* PBXContainerItemProxy */;
		};
/* End PBXTargetDependency section */

/* Begin PBXVariantGroup section */
		1FC36D822FB27841000FC33A /* Main.html */ = {
			isa = PBXVariantGroup;
			children = (
				1FC36D832FB27841000FC33A /* Base */,
			);
			name = Main.html;
			sourceTree = "<group>";
		};
		1FC36D8D2FB27841000FC33A /* Main.storyboard */ = {
			isa = PBXVariantGroup;
			children = (
				1FC36D8E2FB27841000FC33A /* Base */,
			);
			name = Main.storyboard;
			sourceTree = "<group>";
		};
/* End PBXVariantGroup section */

/* Begin XCBuildConfiguration section */
		1FC36D9F2FB27842000FC33A /* Debug */ = {
			isa = XCBuildConfiguration;
			buildSettings = {
				ALWAYS_SEARCH_USER_PATHS = NO;
				ASSETCATALOG_COMPILER_GENERATE_SWIFT_ASSET_SYMBOL_EXTENSIONS = YES;
				CLANG_ANALYZER_NONNULL = YES;
				CLANG_ANALYZER_NUMBER_OBJECT_CONVERSION = YES_AGGRESSIVE;
				CLANG_CXX_LANGUAGE_STANDARD = "gnu++20";
				CLANG_ENABLE_MODULES = YES;
				CLANG_ENABLE_OBJC_ARC = YES;
				CLANG_ENABLE_OBJC_WEAK = YES;
				CLANG_WARN_BLOCK_CAPTURE_AUTORELEASING = YES;
				CLANG_WARN_BOOL_CONVERSION = YES;
				CLANG_WARN_COMMA = YES;
				CLANG_WARN_CONSTANT_CONVERSION = YES;
				CLANG_WARN_DEPRECATED_OBJC_IMPLEMENTATIONS = YES;
				CLANG_WARN_DIRECT_OBJC_ISA_USAGE = YES_ERROR;
				CLANG_WARN_DOCUMENTATION_COMMENTS = YES;
				CLANG_WARN_EMPTY_BODY = YES;
				CLANG_WARN_ENUM_CONVERSION = YES;
				CLANG_WARN_INFINITE_RECURSION = YES;
				CLANG_WARN_INT_CONVERSION = YES;
				CLANG_WARN_NON_LITERAL_NULL_CONVERSION = YES;
				CLANG_WARN_OBJC_IMPLICIT_RETAIN_SELF = YES;
				CLANG_WARN_OBJC_LITERAL_CONVERSION = YES;
				CLANG_WARN_OBJC_ROOT_CLASS = YES_ERROR;
				CLANG_WARN_QUOTED_INCLUDE_IN_FRAMEWORK_HEADER = YES;
				CLANG_WARN_RANGE_LOOP_ANALYSIS = YES;
				CLANG_WARN_STRICT_PROTOTYPES = YES;
				CLANG_WARN_SUSPICIOUS_MOVE = YES;
				CLANG_WARN_UNGUARDED_AVAILABILITY = YES_AGGRESSIVE;
				CLANG_WARN_UNREACHABLE_CODE = YES;
				CLANG_WARN__DUPLICATE_METHOD_MATCH = YES;
				COPY_PHASE_STRIP = NO;
				DEBUG_INFORMATION_FORMAT = dwarf;
				ENABLE_STRICT_OBJC_MSGSEND = YES;
				ENABLE_TESTABILITY = YES;
				ENABLE_USER_SCRIPT_SANDBOXING = YES;
				GCC_C_LANGUAGE_STANDARD = gnu17;
				GCC_DYNAMIC_NO_PIC = NO;
				GCC_NO_COMMON_BLOCKS = YES;
				GCC_OPTIMIZATION_LEVEL = 0;
				GCC_PREPROCESSOR_DEFINITIONS = (
					"DEBUG=1",
					"$(inherited)",
				);
				GCC_WARN_64_TO_32_BIT_CONVERSION = YES;
				GCC_WARN_ABOUT_RETURN_TYPE = YES_ERROR;
				GCC_WARN_UNDECLARED_SELECTOR = YES;
				GCC_WARN_UNINITIALIZED_AUTOS = YES_AGGRESSIVE;
				GCC_WARN_UNUSED_FUNCTION = YES;
				GCC_WARN_UNUSED_VARIABLE = YES;
				LOCALIZATION_PREFERS_STRING_CATALOGS = YES;
				MACOSX_DEPLOYMENT_TARGET = 15.7;
				MTL_ENABLE_DEBUG_INFO = INCLUDE_SOURCE;
				MTL_FAST_MATH = YES;
				ONLY_ACTIVE_ARCH = YES;
				SDKROOT = macosx;
				SWIFT_ACTIVE_COMPILATION_CONDITIONS = "DEBUG $(inherited)";
				SWIFT_OPTIMIZATION_LEVEL = "-Onone";
			};
			name = Debug;
		};
		1FC36DA02FB27842000FC33A /* Release */ = {
			isa = XCBuildConfiguration;
			buildSettings = {
				ALWAYS_SEARCH_USER_PATHS = NO;
				ASSETCATALOG_COMPILER_GENERATE_SWIFT_ASSET_SYMBOL_EXTENSIONS = YES;
				CLANG_ANALYZER_NONNULL = YES;
				CLANG_ANALYZER_NUMBER_OBJECT_CONVERSION = YES_AGGRESSIVE;
				CLANG_CXX_LANGUAGE_STANDARD = "gnu++20";
				CLANG_ENABLE_MODULES = YES;
				CLANG_ENABLE_OBJC_ARC = YES;
				CLANG_ENABLE_OBJC_WEAK = YES;
				CLANG_WARN_BLOCK_CAPTURE_AUTORELEASING = YES;
				CLANG_WARN_BOOL_CONVERSION = YES;
				CLANG_WARN_COMMA = YES;
				CLANG_WARN_CONSTANT_CONVERSION = YES;
				CLANG_WARN_DEPRECATED_OBJC_IMPLEMENTATIONS = YES;
				CLANG_WARN_DIRECT_OBJC_ISA_USAGE = YES_ERROR;
				CLANG_WARN_DOCUMENTATION_COMMENTS = YES;
				CLANG_WARN_EMPTY_BODY = YES;
				CLANG_WARN_ENUM_CONVERSION = YES;
				CLANG_WARN_INFINITE_RECURSION = YES;
				CLANG_WARN_INT_CONVERSION = YES;
				CLANG_WARN_NON_LITERAL_NULL_CONVERSION = YES;
				CLANG_WARN_OBJC_IMPLICIT_RETAIN_SELF = YES;
				CLANG_WARN_OBJC_LITERAL_CONVERSION = YES;
				CLANG_WARN_OBJC_ROOT_CLASS = YES_ERROR;
				CLANG_WARN_QUOTED_INCLUDE_IN_FRAMEWORK_HEADER = YES;
				CLANG_WARN_RANGE_LOOP_ANALYSIS = YES;
				CLANG_WARN_STRICT_PROTOTYPES = YES;
				CLANG_WARN_SUSPICIOUS_MOVE = YES;
				CLANG_WARN_UNGUARDED_AVAILABILITY = YES_AGGRESSIVE;
				CLANG_WARN_UNREACHABLE_CODE = YES;
				CLANG_WARN__DUPLICATE_METHOD_MATCH = YES;
				COPY_PHASE_STRIP = NO;
				DEBUG_INFORMATION_FORMAT = "dwarf-with-dsym";
				ENABLE_NS_ASSERTIONS = NO;
				ENABLE_STRICT_OBJC_MSGSEND = YES;
				ENABLE_USER_SCRIPT_SANDBOXING = YES;
				GCC_C_LANGUAGE_STANDARD = gnu17;
				GCC_NO_COMMON_BLOCKS = YES;
				GCC_WARN_64_TO_32_BIT_CONVERSION = YES;
				GCC_WARN_ABOUT_RETURN_TYPE = YES_ERROR;
				GCC_WARN_UNDECLARED_SELECTOR = YES;
				GCC_WARN_UNINITIALIZED_AUTOS = YES_AGGRESSIVE;
				GCC_WARN_UNUSED_FUNCTION = YES;
				GCC_WARN_UNUSED_VARIABLE = YES;
				LOCALIZATION_PREFERS_STRING_CATALOGS = YES;
				MACOSX_DEPLOYMENT_TARGET = 15.7;
				MTL_ENABLE_DEBUG_INFO = NO;
				MTL_FAST_MATH = YES;
				SDKROOT = macosx;
				SWIFT_COMPILATION_MODE = wholemodule;
			};
			name = Release;
		};
		1FC36DA22FB27842000FC33A /* Debug */ = {
			isa = XCBuildConfiguration;
			buildSettings = {
				CODE_SIGN_STYLE = Automatic;
				CURRENT_PROJECT_VERSION = 1;
				ENABLE_APP_SANDBOX = YES;
				ENABLE_HARDENED_RUNTIME = YES;
				ENABLE_USER_SELECTED_FILES = readonly;
				GENERATE_INFOPLIST_FILE = YES;
				INFOPLIST_FILE = "Grab OTP Extension/Info.plist";
				INFOPLIST_KEY_CFBundleDisplayName = "Grab OTP Extension";
				INFOPLIST_KEY_NSHumanReadableCopyright = "";
				LD_RUNPATH_SEARCH_PATHS = (
					"$(inherited)",
					"@executable_path/../Frameworks",
					"@executable_path/../../../../Frameworks",
				);
					MACOSX_DEPLOYMENT_TARGET = 10.15;
				MARKETING_VERSION = 1.0;
				OTHER_LDFLAGS = (
					"-framework",
					SafariServices,
				);
				PRODUCT_BUNDLE_IDENTIFIER = com.jeff.grabotp.safari.Extension;
				PRODUCT_NAME = "$(TARGET_NAME)";
				SKIP_INSTALL = YES;
				STRING_CATALOG_GENERATE_SYMBOLS = YES;
				SWIFT_APPROACHABLE_CONCURRENCY = YES;
				SWIFT_EMIT_LOC_STRINGS = YES;
				SWIFT_UPCOMING_FEATURE_MEMBER_IMPORT_VISIBILITY = YES;
				SWIFT_VERSION = 5.0;
			};
			name = Debug;
		};
		1FC36DA32FB27842000FC33A /* Release */ = {
			isa = XCBuildConfiguration;
			buildSettings = {
				CODE_SIGN_STYLE = Automatic;
				CURRENT_PROJECT_VERSION = 1;
				ENABLE_APP_SANDBOX = YES;
				ENABLE_HARDENED_RUNTIME = YES;
				ENABLE_USER_SELECTED_FILES = readonly;
				GENERATE_INFOPLIST_FILE = YES;
				INFOPLIST_FILE = "Grab OTP Extension/Info.plist";
				INFOPLIST_KEY_CFBundleDisplayName = "Grab OTP Extension";
				INFOPLIST_KEY_NSHumanReadableCopyright = "";
				LD_RUNPATH_SEARCH_PATHS = (
					"$(inherited)",
					"@executable_path/../Frameworks",
					"@executable_path/../../../../Frameworks",
				);
					MACOSX_DEPLOYMENT_TARGET = 10.15;
				MARKETING_VERSION = 1.0;
				OTHER_LDFLAGS = (
					"-framework",
					SafariServices,
				);
				PRODUCT_BUNDLE_IDENTIFIER = com.jeff.grabotp.safari.Extension;
				PRODUCT_NAME = "$(TARGET_NAME)";
				SKIP_INSTALL = YES;
				STRING_CATALOG_GENERATE_SYMBOLS = YES;
				SWIFT_APPROACHABLE_CONCURRENCY = YES;
				SWIFT_EMIT_LOC_STRINGS = YES;
				SWIFT_UPCOMING_FEATURE_MEMBER_IMPORT_VISIBILITY = YES;
				SWIFT_VERSION = 5.0;
			};
			name = Release;
		};
		1FC36DA62FB27842000FC33A /* Debug */ = {
			isa = XCBuildConfiguration;
			buildSettings = {
				ASSETCATALOG_COMPILER_APPICON_NAME = AppIcon;
				ASSETCATALOG_COMPILER_GLOBAL_ACCENT_COLOR_NAME = AccentColor;
				CODE_SIGN_STYLE = Automatic;
				COMBINE_HIDPI_IMAGES = YES;
				CURRENT_PROJECT_VERSION = 1;
				ENABLE_APP_SANDBOX = YES;
				ENABLE_HARDENED_RUNTIME = YES;
				ENABLE_OUTGOING_NETWORK_CONNECTIONS = YES;
				ENABLE_USER_SELECTED_FILES = readonly;
				GENERATE_INFOPLIST_FILE = YES;
				INFOPLIST_FILE = "Grab OTP/Info.plist";
				INFOPLIST_KEY_CFBundleDisplayName = "Grab OTP";
				INFOPLIST_KEY_NSHumanReadableCopyright = "";
				INFOPLIST_KEY_NSMainStoryboardFile = Main;
				INFOPLIST_KEY_NSPrincipalClass = NSApplication;
				LD_RUNPATH_SEARCH_PATHS = (
					"$(inherited)",
					"@executable_path/../Frameworks",
				);
				MARKETING_VERSION = 1.0;
				OTHER_LDFLAGS = (
					"-framework",
					SafariServices,
					"-framework",
					WebKit,
				);
				PRODUCT_BUNDLE_IDENTIFIER = com.jeff.grabotp.safari;
				PRODUCT_NAME = "$(TARGET_NAME)";
				REGISTER_APP_GROUPS = YES;
				STRING_CATALOG_GENERATE_SYMBOLS = YES;
				SWIFT_APPROACHABLE_CONCURRENCY = YES;
				SWIFT_DEFAULT_ACTOR_ISOLATION = MainActor;
				SWIFT_EMIT_LOC_STRINGS = YES;
				SWIFT_UPCOMING_FEATURE_MEMBER_IMPORT_VISIBILITY = YES;
				SWIFT_VERSION = 5.0;
			};
			name = Debug;
		};
		1FC36DA72FB27842000FC33A /* Release */ = {
			isa = XCBuildConfiguration;
			buildSettings = {
				ASSETCATALOG_COMPILER_APPICON_NAME = AppIcon;
				ASSETCATALOG_COMPILER_GLOBAL_ACCENT_COLOR_NAME = AccentColor;
				CODE_SIGN_STYLE = Automatic;
				COMBINE_HIDPI_IMAGES = YES;
				CURRENT_PROJECT_VERSION = 1;
				ENABLE_APP_SANDBOX = YES;
				ENABLE_HARDENED_RUNTIME = YES;
				ENABLE_OUTGOING_NETWORK_CONNECTIONS = YES;
				ENABLE_USER_SELECTED_FILES = readonly;
				GENERATE_INFOPLIST_FILE = YES;
				INFOPLIST_FILE = "Grab OTP/Info.plist";
				INFOPLIST_KEY_CFBundleDisplayName = "Grab OTP";
				INFOPLIST_KEY_NSHumanReadableCopyright = "";
				INFOPLIST_KEY_NSMainStoryboardFile = Main;
				INFOPLIST_KEY_NSPrincipalClass = NSApplication;
				LD_RUNPATH_SEARCH_PATHS = (
					"$(inherited)",
					"@executable_path/../Frameworks",
				);
				MARKETING_VERSION = 1.0;
				OTHER_LDFLAGS = (
					"-framework",
					SafariServices,
					"-framework",
					WebKit,
				);
				PRODUCT_BUNDLE_IDENTIFIER = com.jeff.grabotp.safari;
				PRODUCT_NAME = "$(TARGET_NAME)";
				REGISTER_APP_GROUPS = YES;
				STRING_CATALOG_GENERATE_SYMBOLS = YES;
				SWIFT_APPROACHABLE_CONCURRENCY = YES;
				SWIFT_DEFAULT_ACTOR_ISOLATION = MainActor;
				SWIFT_EMIT_LOC_STRINGS = YES;
				SWIFT_UPCOMING_FEATURE_MEMBER_IMPORT_VISIBILITY = YES;
				SWIFT_VERSION = 5.0;
			};
			name = Release;
		};
/* End XCBuildConfiguration section */

/* Begin XCConfigurationList section */
		1FC36D772FB27841000FC33A /* Build configuration list for PBXProject "Grab OTP" */ = {
			isa = XCConfigurationList;
			buildConfigurations = (
				1FC36D9F2FB27842000FC33A /* Debug */,
				1FC36DA02FB27842000FC33A /* Release */,
			);
			defaultConfigurationIsVisible = 0;
			defaultConfigurationName = Release;
		};
		1FC36DA12FB27842000FC33A /* Build configuration list for PBXNativeTarget "Grab OTP Extension" */ = {
			isa = XCConfigurationList;
			buildConfigurations = (
				1FC36DA22FB27842000FC33A /* Debug */,
				1FC36DA32FB27842000FC33A /* Release */,
			);
			defaultConfigurationIsVisible = 0;
			defaultConfigurationName = Release;
		};
		1FC36DA52FB27842000FC33A /* Build configuration list for PBXNativeTarget "Grab OTP" */ = {
			isa = XCConfigurationList;
			buildConfigurations = (
				1FC36DA62FB27842000FC33A /* Debug */,
				1FC36DA72FB27842000FC33A /* Release */,
			);
			defaultConfigurationIsVisible = 0;
			defaultConfigurationName = Release;
		};
/* End XCConfigurationList section */
	};
	rootObject = 1FC36D742FB27841000FC33A /* Project object */;
}
